
Microsoft Visual Studio Solution File, Format Version 12.00
Project("{FAE04EC0-301F-11D3-BF4B-00C04F79EFBC}") = "MPP-1", "MPP-1\MPP-1.csproj", "{5FF7A289-288C-4455-9B44-488F331E3049}"
EndProject
Project("{FAE04EC0-301F-11D3-BF4B-00C04F79EFBC}") = "MPP-2", "MPP-2\MPP-2.csproj", "{46042590-A8AE-4BBC-B710-69DE7D0ABE1C}"
EndProject
Project("{FAE04EC0-301F-11D3-BF4B-00C04F79EFBC}") = "MPP-3", "MPP-3\MPP-3.csproj", "{DBDC0C31-C5B9-421A-A006-23BC2904AD63}"
EndProject
Global
	GlobalSection(SolutionConfigurationPlatforms) = preSolution
		Debug|Any CPU = Debug|Any CPU
		Release|Any CPU = Release|Any CPU
	EndGlobalSection
	GlobalSection(ProjectConfigurationPlatforms) = postSolution
		{5FF7A289-288C-4455-9B44-488F331E3049}.Debug|Any CPU.ActiveCfg = Debug|Any CPU
		{5FF7A289-288C-4455-9B44-488F331E3049}.Debug|Any CPU.Build.0 = Debug|Any CPU
		{5FF7A289-288C-4455-9B44-488F331E3049}.Release|Any CPU.ActiveCfg = Release|Any CPU
		{5FF7A289-288C-4455-9B44-488F331E3049}.Release|Any CPU.Build.0 = Release|Any CPU
		{46042590-A8AE-4BBC-B710-69DE7D0ABE1C}.Debug|Any CPU.ActiveCfg = Debug|Any CPU
		{46042590-A8AE-4BBC-B710-69DE7D0ABE1C}.Debug|Any CPU.Build.0 = Debug|Any CPU
		{46042590-A8AE-4BBC-B710-69DE7D0ABE1C}.Release|Any CPU.ActiveCfg = Release|Any CPU
		{46042590-A8AE-4BBC-B710-69DE7D0ABE1C}.Release|Any CPU.Build.0 = Release|Any CPU
		{DBDC0C31-C5B9-421A-A006-23BC2904AD63}.Debug|Any CPU.ActiveCfg = Debug|Any CPU
		{DBDC0C31-C5B9-421A-A006-23BC2904AD63}.Debug|Any CPU.Build.0 = Debug|Any CPU
		{DBDC0C31-C5B9-421A-A006-23BC2904AD63}.Release|Any CPU.ActiveCfg = Release|Any CPU
		{DBDC0C31-C5B9-421A-A006-23BC2904AD63}.Release|Any CPU.Build.0 = Release|Any CPU
	EndGlobalSection
EndGlobal
