
Microsoft Visual Studio Solution File, Format Version 12.00
Project("{FAE04EC0-301F-11D3-BF4B-00C04F79EFBC}") = "MPP-1", "MPP-1\MPP-1.csproj", "{5FF7A289-288C-4455-9B44-488F331E3049}"
EndProject
Project("{FAE04EC0-301F-11D3-BF4B-00C04F79EFBC}") = "MPP-2", "MPP-2\MPP-2.csproj", "{46042590-A8AE-4BBC-B710-69DE7D0ABE1C}"
EndProject
Project("{FAE04EC0-301F-11D3-BF4B-00C04F79EFBC}") = "MPP-3", "MPP-3\MPP-3.csproj", "{DBDC0C31-C5B9-421A-A006-23BC2904AD63}"
EndProject
Project("{FAE04EC0-301F-11D3-BF4B-00C04F79EFBC}") = "MPP-4", "MPP-4\MPP-4.csproj", "{7BD2323F-56CB-49B8-9C2F-4A999F4AF675}"
EndProject
Project("{FAE04EC0-301F-11D3-BF4B-00C04F79EFBC}") = "Test", "Test\Test.csproj", "{9E89A8EE-B3F8-4558-B210-64D61A0370AA}"
EndProject
Project("{FAE04EC0-301F-11D3-BF4B-00C04F79EFBC}") = "MPP-5", "MPP-5\MPP-5.csproj", "{C44C9F6C-69A2-440C-AEB9-8C8BDCAD2F4E}"
EndProject
Project("{FAE04EC0-301F-11D3-BF4B-00C04F79EFBC}") = "MPP-8", "MPP-8\MPP-8.csproj", "{871088D7-2C39-4380-AB64-0A6DDE03DA9E}"
EndProject
Global
	GlobalSection(SolutionConfigurationPlatforms) = preSolution
		Debug|Any CPU = Debug|Any CPU
		Release|Any CPU = Release|Any CPU
	EndGlobalSection
	GlobalSection(ProjectConfigurationPlatforms) = postSolution
		{5FF7A289-288C-4455-9B44-488F331E3049}.Debug|Any CPU.ActiveCfg = Debug|Any CPU
		{5FF7A289-288C-4455-9B44-488F331E3049}.Debug|Any CPU.Build.0 = Debug|Any CPU
		{5FF7A289-288C-4455-9B44-488F331E3049}.Release|Any CPU.ActiveCfg = Release|Any CPU
		{5FF7A289-288C-4455-9B44-488F331E3049}.Release|Any CPU.Build.0 = Release|Any CPU
		{46042590-A8AE-4BBC-B710-69DE7D0ABE1C}.Debug|Any CPU.ActiveCfg = Debug|Any CPU
		{46042590-A8AE-4BBC-B710-69DE7D0ABE1C}.Debug|Any CPU.Build.0 = Debug|Any CPU
		{46042590-A8AE-4BBC-B710-69DE7D0ABE1C}.Release|Any CPU.ActiveCfg = Release|Any CPU
		{46042590-A8AE-4BBC-B710-69DE7D0ABE1C}.Release|Any CPU.Build.0 = Release|Any CPU
		{DBDC0C31-C5B9-421A-A006-23BC2904AD63}.Debug|Any CPU.ActiveCfg = Debug|Any CPU
		{DBDC0C31-C5B9-421A-A006-23BC2904AD63}.Debug|Any CPU.Build.0 = Debug|Any CPU
		{DBDC0C31-C5B9-421A-A006-23BC2904AD63}.Release|Any CPU.ActiveCfg = Release|Any CPU
		{DBDC0C31-C5B9-421A-A006-23BC2904AD63}.Release|Any CPU.Build.0 = Release|Any CPU
		{7BD2323F-56CB-49B8-9C2F-4A999F4AF675}.Debug|Any CPU.ActiveCfg = Debug|Any CPU
		{7BD2323F-56CB-49B8-9C2F-4A999F4AF675}.Debug|Any CPU.Build.0 = Debug|Any CPU
		{7BD2323F-56CB-49B8-9C2F-4A999F4AF675}.Release|Any CPU.ActiveCfg = Release|Any CPU
		{7BD2323F-56CB-49B8-9C2F-4A999F4AF675}.Release|Any CPU.Build.0 = Release|Any CPU
		{9E89A8EE-B3F8-4558-B210-64D61A0370AA}.Debug|Any CPU.ActiveCfg = Debug|Any CPU
		{9E89A8EE-B3F8-4558-B210-64D61A0370AA}.Debug|Any CPU.Build.0 = Debug|Any CPU
		{9E89A8EE-B3F8-4558-B210-64D61A0370AA}.Release|Any CPU.ActiveCfg = Release|Any CPU
		{9E89A8EE-B3F8-4558-B210-64D61A0370AA}.Release|Any CPU.Build.0 = Release|Any CPU
		{C44C9F6C-69A2-440C-AEB9-8C8BDCAD2F4E}.Debug|Any CPU.ActiveCfg = Debug|Any CPU
		{C44C9F6C-69A2-440C-AEB9-8C8BDCAD2F4E}.Debug|Any CPU.Build.0 = Debug|Any CPU
		{C44C9F6C-69A2-440C-AEB9-8C8BDCAD2F4E}.Release|Any CPU.ActiveCfg = Release|Any CPU
		{C44C9F6C-69A2-440C-AEB9-8C8BDCAD2F4E}.Release|Any CPU.Build.0 = Release|Any CPU
		{871088D7-2C39-4380-AB64-0A6DDE03DA9E}.Debug|Any CPU.ActiveCfg = Debug|Any CPU
		{871088D7-2C39-4380-AB64-0A6DDE03DA9E}.Debug|Any CPU.Build.0 = Debug|Any CPU
		{871088D7-2C39-4380-AB64-0A6DDE03DA9E}.Release|Any CPU.ActiveCfg = Release|Any CPU
		{871088D7-2C39-4380-AB64-0A6DDE03DA9E}.Release|Any CPU.Build.0 = Release|Any CPU
	EndGlobalSection
EndGlobal
